
Microsoft Visual Studio Solution File, Format Version 12.00
# Visual Studio 15
VisualStudioVersion = 15.0.26730.15
MinimumVisualStudioVersion = 10.0.40219.1
Project("{FAE04EC0-301F-11D3-BF4B-00C04F79EFBC}") = "ImageHost", "ImageHost\ImageHost.csproj", "{8548D5C6-5D87-4D52-8D85-689000910138}"
EndProject
Global
	GlobalSection(SolutionConfigurationPlatforms) = preSolution
		Debug|Any CPU = Debug|Any CPU
		Release|Any CPU = Release|Any CPU
	EndGlobalSection
	GlobalSection(ProjectConfigurationPlatforms) = postSolution
		{8548D5C6-5D87-4D52-8D85-689000910138}.Debug|Any CPU.ActiveCfg = Debug|Any CPU
		{8548D5C6-5D87-4D52-8D85-689000910138}.Debug|Any CPU.Build.0 = Debug|Any CPU
		{8548D5C6-5D87-4D52-8D85-689000910138}.Release|Any CPU.ActiveCfg = Release|Any CPU
		{8548D5C6-5D87-4D52-8D85-689000910138}.Release|Any CPU.Build.0 = Release|Any CPU
	EndGlobalSection
	GlobalSection(SolutionProperties) = preSolution
		HideSolutionNode = FALSE
	EndGlobalSection
	GlobalSection(ExtensibilityGlobals) = postSolution
		SolutionGuid = {891E851B-068F-4562-A356-6C17EDA81603}
	EndGlobalSection
EndGlobal
